// !$*UTF8*$!
{
	archiveVersion = 1;
	classes = {
	};
	objectVersion = 56;
	objects = {

/* Begin PBXBuildFile section */
		682CDEA72A24729C00CBCB69 /* AppDelegate.swift in Sources */ = {isa = PBXBuildFile; fileRef = 682CDEA62A24729C00CBCB69 /* AppDelegate.swift */; };
		682CDEA92A24729C00CBCB69 /* SceneDelegate.swift in Sources */ = {isa = PBXBuildFile; fileRef = 682CDEA82A24729C00CBCB69 /* SceneDelegate.swift */; };
		682CDEAB2A24729C00CBCB69 /* ViewController.swift in Sources */ = {isa = PBXBuildFile; fileRef = 682CDEAA2A24729C00CBCB69 /* ViewController.swift */; };
		682CDEAE2A24729C00CBCB69 /* Main.storyboard in Resources */ = {isa = PBXBuildFile; fileRef = 682CDEAC2A24729C00CBCB69 /* Main.storyboard */; };
		682CDEB02A24729C00CBCB69 /* Assets.xcassets in Resources */ = {isa = PBXBuildFile; fileRef = 682CDEAF2A24729C00CBCB69 /* Assets.xcassets */; };
		682CDEB32A24729C00CBCB69 /* LaunchScreen.storyboard in Resources */ = {isa = PBXBuildFile; fileRef = 682CDEB12A24729C00CBCB69 /* LaunchScreen.storyboard */; };
		682CDEBB2A2475B100CBCB69 /* Employee.swift in Sources */ = {isa = PBXBuildFile; fileRef = 682CDEBA2A2475B100CBCB69 /* Employee.swift */; };
		689E9EF12A25C7FE00EB2ECF /* DBHelper.swift in Sources */ = {isa = PBXBuildFile; fileRef = 689E9EF02A25C7FE00EB2ECF /* DBHelper.swift */; };
/* End PBXBuildFile section */

/* Begin PBXFileReference section */
		682CDEA32A24729C00CBCB69 /* 13_03_2023_SQLiteDemo.app */ = {isa = PBXFileReference; explicitFileType = wrapper.application; includeInIndex = 0; path = 13_03_2023_SQLiteDemo.app; sourceTree = BUILT_PRODUCTS_DIR; };
		682CDEA62A24729C00CBCB69 /* AppDelegate.swift */ = {isa = PBXFileReference; lastKnownFileType = sourcecode.swift; path = AppDelegate.swift; sourceTree = "<group>"; };
		682CDEA82A24729C00CBCB69 /* SceneDelegate.swift */ = {isa = PBXFileReference; lastKnownFileType = sourcecode.swift; path = SceneDelegate.swift; sourceTree = "<group>"; };
		682CDEAA2A24729C00CBCB69 /* ViewController.swift */ = {isa = PBXFileReference; lastKnownFileType = sourcecode.swift; path = ViewController.swift; sourceTree = "<group>"; };
		682CDEAD2A24729C00CBCB69 /* Base */ = {isa = PBXFileReference; lastKnownFileType = file.storyboard; name = Base; path = Base.lproj/Main.storyboard; sourceTree = "<group>"; };
		682CDEAF2A24729C00CBCB69 /* Assets.xcassets */ = {isa = PBXFileReference; lastKnownFileType = folder.assetcatalog; path = Assets.xcassets; sourceTree = "<group>"; };
		682CDEB22A24729C00CBCB69 /* Base */ = {isa = PBXFileReference; lastKnownFileType = file.storyboard; name = Base; path = Base.lproj/LaunchScreen.storyboard; sourceTree = "<group>"; };
		682CDEB42A24729C00CBCB69 /* Info.plist */ = {isa = PBXFileReference; lastKnownFileType = text.plist.xml; path = Info.plist; sourceTree = "<group>"; };
		682CDEBA2A2475B100CBCB69 /* Employee.swift */ = {isa = PBXFileReference; lastKnownFileType = sourcecode.swift; path = Employee.swift; sourceTree = "<group>"; };
		689E9EF02A25C7FE00EB2ECF /* DBHelper.swift */ = {isa = PBXFileReference; lastKnownFileType = sourcecode.swift; path = DBHelper.swift; sourceTree = "<group>"; };
/* End PBXFileReference section */

/* Begin PBXFrameworksBuildPhase section */
		682CDEA02A24729C00CBCB69 /* Frameworks */ = {
			isa = PBXFrameworksBuildPhase;
			buildActionMask = 2147483647;
			files = (
			);
			runOnlyForDeploymentPostprocessing = 0;
		};
/* End PBXFrameworksBuildPhase section */

/* Begin PBXGroup section */
		682CDE9A2A24729C00CBCB69 = {
			isa = PBXGroup;
			children = (
				682CDEA52A24729C00CBCB69 /* 13_03_2023_SQLiteDemo */,
				682CDEA42A24729C00CBCB69 /* Products */,
			);
			sourceTree = "<group>";
		};
		682CDEA42A24729C00CBCB69 /* Products */ = {
			isa = PBXGroup;
			children = (
				682CDEA32A24729C00CBCB69 /* 13_03_2023_SQLiteDemo.app */,
			);
			name = Products;
			sourceTree = "<group>";
		};
		682CDEA52A24729C00CBCB69 /* 13_03_2023_SQLiteDemo */ = {
			isa = PBXGroup;
			children = (
				682CDEA62A24729C00CBCB69 /* AppDelegate.swift */,
				682CDEA82A24729C00CBCB69 /* SceneDelegate.swift */,
				682CDEAA2A24729C00CBCB69 /* ViewController.swift */,
				682CDEAC2A24729C00CBCB69 /* Main.storyboard */,
				682CDEAF2A24729C00CBCB69 /* Assets.xcassets */,
				682CDEB12A24729C00CBCB69 /* LaunchScreen.storyboard */,
				682CDEB42A24729C00CBCB69 /* Info.plist */,
				682CDEBA2A2475B100CBCB69 /* Employee.swift */,
				689E9EF02A25C7FE00EB2ECF /* DBHelper.swift */,
			);
			path = 13_03_2023_SQLiteDemo;
			sourceTree = "<group>";
		};
/* End PBXGroup section */

/* Begin PBXNativeTarget section */
		682CDEA22A24729C00CBCB69 /* 13_03_2023_SQLiteDemo */ = {
			isa = PBXNativeTarget;
			buildConfigurationList = 682CDEB72A24729C00CBCB69 /* Build configuration list for PBXNativeTarget "13_03_2023_SQLiteDemo" */;
			buildPhases = (
				682CDE9F2A24729C00CBCB69 /* Sources */,
				682CDEA02A24729C00CBCB69 /* Frameworks */,
				682CDEA12A24729C00CBCB69 /* Resources */,
			);
			buildRules = (
			);
			dependencies = (
			);
			name = 13_03_2023_SQLiteDemo;
			productName = 13_03_2023_SQLiteDemo;
			productReference = 682CDEA32A24729C00CBCB69 /* 13_03_2023_SQLiteDemo.app */;
			productType = "com.apple.product-type.application";
		};
/* End PBXNativeTarget section */

/* Begin PBXProject section */
		682CDE9B2A24729C00CBCB69 /* Project object */ = {
			isa = PBXProject;
			attributes = {
				BuildIndependentTargetsInParallel = 1;
				LastSwiftUpdateCheck = 1400;
				LastUpgradeCheck = 1400;
				TargetAttributes = {
					682CDEA22A24729C00CBCB69 = {
						CreatedOnToolsVersion = 14.0;
					};
				};
			};
			buildConfigurationList = 682CDE9E2A24729C00CBCB69 /* Build configuration list for PBXProject "13_03_2023_SQLiteDemo" */;
			compatibilityVersion = "Xcode 14.0";
			developmentRegion = en;
			hasScannedForEncodings = 0;
			knownRegions = (
				en,
				Base,
			);
			mainGroup = 682CDE9A2A24729C00CBCB69;
			productRefGroup = 682CDEA42A24729C00CBCB69 /* Products */;
			projectDirPath = "";
			projectRoot = "";
			targets = (
				682CDEA22A24729C00CBCB69 /* 13_03_2023_SQLiteDemo */,
			);
		};
/* End PBXProject section */

/* Begin PBXResourcesBuildPhase section */
		682CDEA12A24729C00CBCB69 /* Resources */ = {
			isa = PBXResourcesBuildPhase;
			buildActionMask = 2147483647;
			files = (
				682CDEB32A24729C00CBCB69 /* LaunchScreen.storyboard in Resources */,
				682CDEB02A24729C00CBCB69 /* Assets.xcassets in Resources */,
				682CDEAE2A24729C00CBCB69 /* Main.storyboard in Resources */,
			);
			runOnlyForDeploymentPostprocessing = 0;
		};
/* End PBXResourcesBuildPhase section */

/* Begin PBXSourcesBuildPhase section */
		682CDE9F2A24729C00CBCB69 /* Sources */ = {
			isa = PBXSourcesBuildPhase;
			buildActionMask = 2147483647;
			files = (
				682CDEAB2A24729C00CBCB69 /* ViewController.swift in Sources */,
				682CDEBB2A2475B100CBCB69 /* Employee.swift in Sources */,
				689E9EF12A25C7FE00EB2ECF /* DBHelper.swift in Sources */,
				682CDEA72A24729C00CBCB69 /* AppDelegate.swift in Sources */,
				682CDEA92A24729C00CBCB69 /* SceneDelegate.swift in Sources */,
			);
			runOnlyForDeploymentPostprocessing = 0;
		};
/* End PBXSourcesBuildPhase section */

/* Begin PBXVariantGroup section */
		682CDEAC2A24729C00CBCB69 /* Main.storyboard */ = {
			isa = PBXVariantGroup;
			children = (
				682CDEAD2A24729C00CBCB69 /* Base */,
			);
			name = Main.storyboard;
			sourceTree = "<group>";
		};
		682CDEB12A24729C00CBCB69 /* LaunchScreen.storyboard */ = {
			isa = PBXVariantGroup;
			children = (
				682CDEB22A24729C00CBCB69 /* Base */,
			);
			name = LaunchScreen.storyboard;
			sourceTree = "<group>";
		};
/* End PBXVariantGroup section */

/* Begin XCBuildConfiguration section */
		682CDEB52A24729C00CBCB69 /* Debug */ = {
			isa = XCBuildConfiguration;
			buildSettings = {
				ALWAYS_SEARCH_USER_PATHS = NO;
				CLANG_ANALYZER_NONNULL = YES;
				CLANG_ANALYZER_NUMBER_OBJECT_CONVERSION = YES_AGGRESSIVE;
				CLANG_CXX_LANGUAGE_STANDARD = "gnu++20";
				CLANG_ENABLE_MODULES = YES;
				CLANG_ENABLE_OBJC_ARC = YES;
				CLANG_ENABLE_OBJC_WEAK = YES;
				CLANG_WARN_BLOCK_CAPTURE_AUTORELEASING = YES;
				CLANG_WARN_BOOL_CONVERSION = YES;
				CLANG_WARN_COMMA = YES;
				CLANG_WARN_CONSTANT_CONVERSION = YES;
				CLANG_WARN_DEPRECATED_OBJC_IMPLEMENTATIONS = YES;
				CLANG_WARN_DIRECT_OBJC_ISA_USAGE = YES_ERROR;
				CLANG_WARN_DOCUMENTATION_COMMENTS = YES;
				CLANG_WARN_EMPTY_BODY = YES;
				CLANG_WARN_ENUM_CONVERSION = YES;
				CLANG_WARN_INFINITE_RECURSION = YES;
				CLANG_WARN_INT_CONVERSION = YES;
				CLANG_WARN_NON_LITERAL_NULL_CONVERSION = YES;
				CLANG_WARN_OBJC_IMPLICIT_RETAIN_SELF = YES;
				CLANG_WARN_OBJC_LITERAL_CONVERSION = YES;
				CLANG_WARN_OBJC_ROOT_CLASS = YES_ERROR;
				CLANG_WARN_QUOTED_INCLUDE_IN_FRAMEWORK_HEADER = YES;
				CLANG_WARN_RANGE_LOOP_ANALYSIS = YES;
				CLANG_WARN_STRICT_PROTOTYPES = YES;
				CLANG_WARN_SUSPICIOUS_MOVE = YES;
				CLANG_WARN_UNGUARDED_AVAILABILITY = YES_AGGRESSIVE;
				CLANG_WARN_UNREACHABLE_CODE = YES;
				CLANG_WARN__DUPLICATE_METHOD_MATCH = YES;
				COPY_PHASE_STRIP = NO;
				DEBUG_INFORMATION_FORMAT = dwarf;
				ENABLE_STRICT_OBJC_MSGSEND = YES;
				ENABLE_TESTABILITY = YES;
				GCC_C_LANGUAGE_STANDARD = gnu11;
				GCC_DYNAMIC_NO_PIC = NO;
				GCC_NO_COMMON_BLOCKS = YES;
				GCC_OPTIMIZATION_LEVEL = 0;
				GCC_PREPROCESSOR_DEFINITIONS = (
					"DEBUG=1",
					"$(inherited)",
				);
				GCC_WARN_64_TO_32_BIT_CONVERSION = YES;
				GCC_WARN_ABOUT_RETURN_TYPE = YES_ERROR;
				GCC_WARN_UNDECLARED_SELECTOR = YES;
				GCC_WARN_UNINITIALIZED_AUTOS = YES_AGGRESSIVE;
				GCC_WARN_UNUSED_FUNCTION = YES;
				GCC_WARN_UNUSED_VARIABLE = YES;
				IPHONEOS_DEPLOYMENT_TARGET = 16.0;
				MTL_ENABLE_DEBUG_INFO = INCLUDE_SOURCE;
				MTL_FAST_MATH = YES;
				ONLY_ACTIVE_ARCH = YES;
				SDKROOT = iphoneos;
				SWIFT_ACTIVE_COMPILATION_CONDITIONS = DEBUG;
				SWIFT_OPTIMIZATION_LEVEL = "-Onone";
			};
			name = Debug;
		};
		682CDEB62A24729C00CBCB69 /* Release */ = {
			isa = XCBuildConfiguration;
			buildSettings = {
				ALWAYS_SEARCH_USER_PATHS = NO;
				CLANG_ANALYZER_NONNULL = YES;
				CLANG_ANALYZER_NUMBER_OBJECT_CONVERSION = YES_AGGRESSIVE;
				CLANG_CXX_LANGUAGE_STANDARD = "gnu++20";
				CLANG_ENABLE_MODULES = YES;
				CLANG_ENABLE_OBJC_ARC = YES;
				CLANG_ENABLE_OBJC_WEAK = YES;
				CLANG_WARN_BLOCK_CAPTURE_AUTORELEASING = YES;
				CLANG_WARN_BOOL_CONVERSION = YES;
				CLANG_WARN_COMMA = YES;
				CLANG_WARN_CONSTANT_CONVERSION = YES;
				CLANG_WARN_DEPRECATED_OBJC_IMPLEMENTATIONS = YES;
				CLANG_WARN_DIRECT_OBJC_ISA_USAGE = YES_ERROR;
				CLANG_WARN_DOCUMENTATION_COMMENTS = YES;
				CLANG_WARN_EMPTY_BODY = YES;
				CLANG_WARN_ENUM_CONVERSION = YES;
				CLANG_WARN_INFINITE_RECURSION = YES;
				CLANG_WARN_INT_CONVERSION = YES;
				CLANG_WARN_NON_LITERAL_NULL_CONVERSION = YES;
				CLANG_WARN_OBJC_IMPLICIT_RETAIN_SELF = YES;
				CLANG_WARN_OBJC_LITERAL_CONVERSION = YES;
				CLANG_WARN_OBJC_ROOT_CLASS = YES_ERROR;
				CLANG_WARN_QUOTED_INCLUDE_IN_FRAMEWORK_HEADER = YES;
				CLANG_WARN_RANGE_LOOP_ANALYSIS = YES;
				CLANG_WARN_STRICT_PROTOTYPES = YES;
				CLANG_WARN_SUSPICIOUS_MOVE = YES;
				CLANG_WARN_UNGUARDED_AVAILABILITY = YES_AGGRESSIVE;
				CLANG_WARN_UNREACHABLE_CODE = YES;
				CLANG_WARN__DUPLICATE_METHOD_MATCH = YES;
				COPY_PHASE_STRIP = NO;
				DEBUG_INFORMATION_FORMAT = "dwarf-with-dsym";
				ENABLE_NS_ASSERTIONS = NO;
				ENABLE_STRICT_OBJC_MSGSEND = YES;
				GCC_C_LANGUAGE_STANDARD = gnu11;
				GCC_NO_COMMON_BLOCKS = YES;
				GCC_WARN_64_TO_32_BIT_CONVERSION = YES;
				GCC_WARN_ABOUT_RETURN_TYPE = YES_ERROR;
				GCC_WARN_UNDECLARED_SELECTOR = YES;
				GCC_WARN_UNINITIALIZED_AUTOS = YES_AGGRESSIVE;
				GCC_WARN_UNUSED_FUNCTION = YES;
				GCC_WARN_UNUSED_VARIABLE = YES;
				IPHONEOS_DEPLOYMENT_TARGET = 16.0;
				MTL_ENABLE_DEBUG_INFO = NO;
				MTL_FAST_MATH = YES;
				SDKROOT = iphoneos;
				SWIFT_COMPILATION_MODE = wholemodule;
				SWIFT_OPTIMIZATION_LEVEL = "-O";
				VALIDATE_PRODUCT = YES;
			};
			name = Release;
		};
		682CDEB82A24729C00CBCB69 /* Debug */ = {
			isa = XCBuildConfiguration;
			buildSettings = {
				ASSETCATALOG_COMPILER_APPICON_NAME = AppIcon;
				ASSETCATALOG_COMPILER_GLOBAL_ACCENT_COLOR_NAME = AccentColor;
				CODE_SIGN_STYLE = Automatic;
				CURRENT_PROJECT_VERSION = 1;
				DEVELOPMENT_TEAM = V8WE74Y3MG;
				GENERATE_INFOPLIST_FILE = YES;
				INFOPLIST_FILE = 13_03_2023_SQLiteDemo/Info.plist;
				INFOPLIST_KEY_UIApplicationSupportsIndirectInputEvents = YES;
				INFOPLIST_KEY_UILaunchStoryboardName = LaunchScreen;
				INFOPLIST_KEY_UIMainStoryboardFile = Main;
				INFOPLIST_KEY_UISupportedInterfaceOrientations_iPad = "UIInterfaceOrientationPortrait UIInterfaceOrientationPortraitUpsideDown UIInterfaceOrientationLandscapeLeft UIInterfaceOrientationLandscapeRight";
				INFOPLIST_KEY_UISupportedInterfaceOrientations_iPhone = "UIInterfaceOrientationPortrait UIInterfaceOrientationLandscapeLeft UIInterfaceOrientationLandscapeRight";
				LD_RUNPATH_SEARCH_PATHS = (
					"$(inherited)",
					"@executable_path/Frameworks",
				);
				MARKETING_VERSION = 1.0;
				PRODUCT_BUNDLE_IDENTIFIER = "in.bitcode.-3-03-2023-SQLiteDemo";
				PRODUCT_NAME = "$(TARGET_NAME)";
				SWIFT_EMIT_LOC_STRINGS = YES;
				SWIFT_VERSION = 5.0;
				TARGETED_DEVICE_FAMILY = "1,2";
			};
			name = Debug;
		};
		682CDEB92A24729C00CBCB69 /* Release */ = {
			isa = XCBuildConfiguration;
			buildSettings = {
				ASSETCATALOG_COMPILER_APPICON_NAME = AppIcon;
				ASSETCATALOG_COMPILER_GLOBAL_ACCENT_COLOR_NAME = AccentColor;
				CODE_SIGN_STYLE = Automatic;
				CURRENT_PROJECT_VERSION = 1;
				DEVELOPMENT_TEAM = V8WE74Y3MG;
				GENERATE_INFOPLIST_FILE = YES;
				INFOPLIST_FILE = 13_03_2023_SQLiteDemo/Info.plist;
				INFOPLIST_KEY_UIApplicationSupportsIndirectInputEvents = YES;
				INFOPLIST_KEY_UILaunchStoryboardName = LaunchScreen;
				INFOPLIST_KEY_UIMainStoryboardFile = Main;
				INFOPLIST_KEY_UISupportedInterfaceOrientations_iPad = "UIInterfaceOrientationPortrait UIInterfaceOrientationPortraitUpsideDown UIInterfaceOrientationLandscapeLeft UIInterfaceOrientationLandscapeRight";
				INFOPLIST_KEY_UISupportedInterfaceOrientations_iPhone = "UIInterfaceOrientationPortrait UIInterfaceOrientationLandscapeLeft UIInterfaceOrientationLandscapeRight";
				LD_RUNPATH_SEARCH_PATHS = (
					"$(inherited)",
					"@executable_path/Frameworks",
				);
				MARKETING_VERSION = 1.0;
				PRODUCT_BUNDLE_IDENTIFIER = "in.bitcode.-3-03-2023-SQLiteDemo";
				PRODUCT_NAME = "$(TARGET_NAME)";
				SWIFT_EMIT_LOC_STRINGS = YES;
				SWIFT_VERSION = 5.0;
				TARGETED_DEVICE_FAMILY = "1,2";
			};
			name = Release;
		};
/* End XCBuildConfiguration section */

/* Begin XCConfigurationList section */
		682CDE9E2A24729C00CBCB69 /* Build configuration list for PBXProject "13_03_2023_SQLiteDemo" */ = {
			isa = XCConfigurationList;
			buildConfigurations = (
				682CDEB52A24729C00CBCB69 /* Debug */,
				682CDEB62A24729C00CBCB69 /* Release */,
			);
			defaultConfigurationIsVisible = 0;
			defaultConfigurationName = Release;
		};
		682CDEB72A24729C00CBCB69 /* Build configuration list for PBXNativeTarget "13_03_2023_SQLiteDemo" */ = {
			isa = XCConfigurationList;
			buildConfigurations = (
				682CDEB82A24729C00CBCB69 /* Debug */,
				682CDEB92A24729C00CBCB69 /* Release */,
			);
			defaultConfigurationIsVisible = 0;
			defaultConfigurationName = Release;
		};
/* End XCConfigurationList section */
	};
	rootObject = 682CDE9B2A24729C00CBCB69 /* Project object */;
}
